{
  "name": "captain",
  "version": "3.2.2",
  "lockfileVersion": 3,
  "requires": true,
  "packages": {
    "": {
      "name": "captain",
      "version": "3.2.2",
      "workspaces": [
        "packages/captain-navigator-api",
        "packages/captain-navigator-api-test",
        "packages/captain-navigator-basic",
        "packages/captain-navigator-basic-test",
        "packages/captain-captain-navigator-browser",
        "packages/captain-captain-navigator-browser-test",
        "packages/captain-navigator-test",
        "packages/captain-navigator-test-test",
        "packages/captain-router-compose-core",
        "packages/captain-router-compose-core-test",
        "packages/captain-router-core",
        "packages/captain-router-core-test",
        "packages_imported/kiota-url/0.0.0",
        "packages_imported/cinematic-live-core/3.2.2",
        "packages_imported/kollections-stacks/3.2.2",
        "packages_imported/kommander-core/3.2.2",
        "packages_imported/cinematic-live-compose/3.2.2",
        "packages_imported/skiko-wasm-js/0.9.4-2",
        "packages_imported/skiko-js-wasm-runtime/0.9.4-2",
        "packages_imported/kase-core/3.2.2"
      ],
      "devDependencies": {}
    },
    "node_modules/captain-captain-navigator-browser": {
      "resolved": "packages/captain-captain-navigator-browser",
      "link": true
    },
    "node_modules/captain-captain-navigator-browser-test": {
      "resolved": "packages/captain-captain-navigator-browser-test",
      "link": true
    },
    "node_modules/captain-navigator-api": {
      "resolved": "packages/captain-navigator-api",
      "link": true
    },
    "node_modules/captain-navigator-api-test": {
      "resolved": "packages/captain-navigator-api-test",
      "link": true
    },
    "node_modules/captain-navigator-basic": {
      "resolved": "packages/captain-navigator-basic",
      "link": true
    },
    "node_modules/captain-navigator-basic-test": {
      "resolved": "packages/captain-navigator-basic-test",
      "link": true
    },
    "node_modules/captain-navigator-test": {
      "resolved": "packages/captain-navigator-test",
      "link": true
    },
    "node_modules/captain-navigator-test-test": {
      "resolved": "packages/captain-navigator-test-test",
      "link": true
    },
    "node_modules/captain-router-compose-core": {
      "resolved": "packages/captain-router-compose-core",
      "link": true
    },
    "node_modules/captain-router-compose-core-test": {
      "resolved": "packages/captain-router-compose-core-test",
      "link": true
    },
    "node_modules/captain-router-core": {
      "resolved": "packages/captain-router-core",
      "link": true
    },
    "node_modules/captain-router-core-test": {
      "resolved": "packages/captain-router-core-test",
      "link": true
    },
    "node_modules/cinematic-live-compose": {
      "resolved": "packages_imported/cinematic-live-compose/3.2.2",
      "link": true
    },
    "node_modules/cinematic-live-core": {
      "resolved": "packages_imported/cinematic-live-core/3.2.2",
      "link": true
    },
    "node_modules/kase-core": {
      "resolved": "packages_imported/kase-core/3.2.2",
      "link": true
    },
    "node_modules/kiota-url": {
      "resolved": "packages_imported/kiota-url/0.0.0",
      "link": true
    },
    "node_modules/kollections-stacks": {
      "resolved": "packages_imported/kollections-stacks/3.2.2",
      "link": true
    },
    "node_modules/kommander-core": {
      "resolved": "packages_imported/kommander-core/3.2.2",
      "link": true
    },
    "node_modules/skiko-js-wasm-runtime": {
      "resolved": "packages_imported/skiko-js-wasm-runtime/0.9.4-2",
      "link": true
    },
    "node_modules/skiko-wasm-js": {
      "resolved": "packages_imported/skiko-wasm-js/0.9.4-2",
      "link": true
    },
    "packages_imported/cinematic-live-compose/3.1.14": {
      "name": "cinematic-live-compose",
      "version": "3.1.14",
      "extraneous": true,
      "devDependencies": {}
    },
    "packages_imported/cinematic-live-compose/3.2.2": {
      "name": "cinematic-live-compose",
      "version": "3.2.2",
      "devDependencies": {}
    },
    "packages_imported/cinematic-live-core/3.1.14": {
      "name": "cinematic-live-core",
      "version": "3.1.14",
      "extraneous": true,
      "devDependencies": {}
    },
    "packages_imported/cinematic-live-core/3.2.2": {
      "name": "cinematic-live-core",
      "version": "3.2.2",
      "devDependencies": {}
    },
    "packages_imported/kase-core/3.1.14": {
      "name": "kase-core",
      "version": "3.1.14",
      "extraneous": true,
      "devDependencies": {}
    },
    "packages_imported/kase-core/3.2.2": {
      "name": "kase-core",
      "version": "3.2.2",
      "devDependencies": {}
    },
    "packages_imported/kiota-url/0.0.0": {
      "name": "kiota-url",
      "version": "0.0.0",
      "devDependencies": {}
    },
    "packages_imported/kollections-stacks/3.1.14": {
      "name": "kollections-stacks",
      "version": "3.1.14",
      "extraneous": true,
      "devDependencies": {}
    },
    "packages_imported/kollections-stacks/3.2.2": {
      "name": "kollections-stacks",
      "version": "3.2.2",
      "devDependencies": {}
    },
    "packages_imported/kommander-core/3.1.14": {
      "name": "kommander-core",
      "version": "3.1.14",
      "extraneous": true,
      "devDependencies": {}
    },
    "packages_imported/kommander-core/3.2.2": {
      "name": "kommander-core",
      "version": "3.2.2",
      "devDependencies": {}
    },
    "packages_imported/skiko-js-wasm-runtime/0.9.4-2": {
      "name": "skiko-js-wasm-runtime",
      "version": "0.9.4-2",
      "devDependencies": {}
    },
    "packages_imported/skiko-wasm-js/0.9.4-2": {
      "name": "skiko-wasm-js",
      "version": "0.9.4-2",
      "devDependencies": {}
    },
    "packages/captain-captain-navigator-browser": {
      "version": "0.0.0",
      "devDependencies": {}
    },
    "packages/captain-captain-navigator-browser-test": {
      "version": "0.0.0",
      "devDependencies": {}
    },
    "packages/captain-navigator-api": {
      "version": "0.0.0",
      "devDependencies": {}
    },
    "packages/captain-navigator-api-test": {
      "version": "0.0.0",
      "devDependencies": {}
    },
    "packages/captain-navigator-basic": {
      "version": "0.0.0",
      "devDependencies": {}
    },
    "packages/captain-navigator-basic-test": {
      "version": "0.0.0",
      "devDependencies": {}
    },
    "packages/captain-navigator-test": {
      "version": "0.0.0",
      "devDependencies": {}
    },
    "packages/captain-navigator-test-test": {
      "version": "0.0.0",
      "devDependencies": {}
    },
    "packages/captain-router-compose-core": {
      "version": "0.0.0",
      "devDependencies": {}
    },
    "packages/captain-router-compose-core-test": {
      "version": "0.0.0",
      "devDependencies": {}
    },
    "packages/captain-router-core": {
      "version": "0.0.0",
      "devDependencies": {}
    },
    "packages/captain-router-core-test": {
      "version": "0.0.0",
      "devDependencies": {}
    }
  }
}
